
Microsoft Visual Studio Solution File, Format Version 12.00
# Visual Studio Version 17
VisualStudioVersion = 17.7.34221.43
MinimumVisualStudioVersion = 10.0.40219.1
Project("{FAE04EC0-301F-11D3-BF4B-00C04F79EFBC}") = "Producto_CRUD", "Producto_CRUD\Producto_CRUD.csproj", "{ED5138E3-D53C-45EA-8D3D-4335557D8D29}"
EndProject
Global
	GlobalSection(SolutionConfigurationPlatforms) = preSolution
		Debug|Any CPU = Debug|Any CPU
		Release|Any CPU = Release|Any CPU
	EndGlobalSection
	GlobalSection(ProjectConfigurationPlatforms) = postSolution
		{ED5138E3-D53C-45EA-8D3D-4335557D8D29}.Debug|Any CPU.ActiveCfg = Debug|Any CPU
		{ED5138E3-D53C-45EA-8D3D-4335557D8D29}.Debug|Any CPU.Build.0 = Debug|Any CPU
		{ED5138E3-D53C-45EA-8D3D-4335557D8D29}.Release|Any CPU.ActiveCfg = Release|Any CPU
		{ED5138E3-D53C-45EA-8D3D-4335557D8D29}.Release|Any CPU.Build.0 = Release|Any CPU
	EndGlobalSection
	GlobalSection(SolutionProperties) = preSolution
		HideSolutionNode = FALSE
	EndGlobalSection
	GlobalSection(ExtensibilityGlobals) = postSolution
		SolutionGuid = {B8EFFB2E-F412-44BD-B4FA-19A3B07872F9}
	EndGlobalSection
EndGlobal
